
Microsoft Visual Studio Solution File, Format Version 12.00
# Visual Studio Version 16
VisualStudioVersion = 16.0.31911.196
MinimumVisualStudioVersion = 10.0.40219.1
Project("{FAE04EC0-301F-11D3-BF4B-00C04F79EFBC}") = "WpfApp1", "WpfApp1\WpfApp1.csproj", "{630952E4-72B7-41FD-AE29-89C194A59EE4}"
EndProject
Project("{FAE04EC0-301F-11D3-BF4B-00C04F79EFBC}") = "WpfApp2", "..\WpfApp2\WpfApp2.csproj", "{F549C306-5F4E-4E93-927F-DBDD95CB20BB}"
EndProject
Project("{FAE04EC0-301F-11D3-BF4B-00C04F79EFBC}") = "WpfApp3", "..\WpfApp3\WpfApp3.csproj", "{E1A0C125-723B-444F-8631-6FAB2EBB0ECE}"
EndProject
Project("{FAE04EC0-301F-11D3-BF4B-00C04F79EFBC}") = "WpfApp4", "..\WpfApp4\WpfApp4.csproj", "{E059B287-4534-47E0-9EC4-A70D32C4A01B}"
EndProject
Project("{FAE04EC0-301F-11D3-BF4B-00C04F79EFBC}") = "PanelEx1", "..\PanelEx1\PanelEx1.csproj", "{FA406AC6-21B8-48A6-B841-24E5868BC215}"
EndProject
Project("{FAE04EC0-301F-11D3-BF4B-00C04F79EFBC}") = "LayoutPropertyEx", "..\LayoutPropertyEx\LayoutPropertyEx.csproj", "{756E5F1A-5883-4B90-B159-7C871FDF908A}"
EndProject
Project("{FAE04EC0-301F-11D3-BF4B-00C04F79EFBC}") = "ViewBoxEx", "..\ViewBoxEx\ViewBoxEx.csproj", "{CA41CB5B-2F2A-4E6B-9721-6355787C63E2}"
EndProject
Project("{FAE04EC0-301F-11D3-BF4B-00C04F79EFBC}") = "ScrollViewerEx", "..\ScrollViewerEx\ScrollViewerEx.csproj", "{8CA285C2-DB20-42B7-8AAA-F8ECD248E1F7}"
EndProject
Project("{FAE04EC0-301F-11D3-BF4B-00C04F79EFBC}") = "BorderEx", "..\BorderEx\BorderEx.csproj", "{EEC4B476-1E6D-4D0C-A865-34A0AFC843E4}"
EndProject
Project("{FAE04EC0-301F-11D3-BF4B-00C04F79EFBC}") = "ExpanderEx", "..\ExpanderEx\ExpanderEx.csproj", "{8728B8CD-BA90-4CC4-A7ED-62A682ACA033}"
EndProject
Project("{FAE04EC0-301F-11D3-BF4B-00C04F79EFBC}") = "UniformGrid", "..\UniformGrid\UniformGrid.csproj", "{373858A5-E074-4AF5-8266-31C85D25BD79}"
EndProject
Project("{FAE04EC0-301F-11D3-BF4B-00C04F79EFBC}") = "GroupBoxEx", "..\GroupBoxEx\GroupBoxEx.csproj", "{C9891508-EB14-4167-A22E-60FB1B168E8E}"
EndProject
Project("{FAE04EC0-301F-11D3-BF4B-00C04F79EFBC}") = "TabControlEx", "..\TabControlEx\TabControlEx.csproj", "{663B1830-1D7A-4E37-A464-426BFFFD9A8D}"
EndProject
Project("{FAE04EC0-301F-11D3-BF4B-00C04F79EFBC}") = "RoutedEventEx", "..\RoutedEventEx\RoutedEventEx.csproj", "{EC2C3351-4922-417E-BAAC-8A0A6013D0A2}"
EndProject
Project("{FAE04EC0-301F-11D3-BF4B-00C04F79EFBC}") = "KeyboardEventEx", "..\KeyboardEventEx\KeyboardEventEx.csproj", "{DBA4307F-BA8B-4A1A-BD76-F3CADB2B2668}"
EndProject
Global
	GlobalSection(SolutionConfigurationPlatforms) = preSolution
		Debug|Any CPU = Debug|Any CPU
		Release|Any CPU = Release|Any CPU
	EndGlobalSection
	GlobalSection(ProjectConfigurationPlatforms) = postSolution
		{630952E4-72B7-41FD-AE29-89C194A59EE4}.Debug|Any CPU.ActiveCfg = Debug|Any CPU
		{630952E4-72B7-41FD-AE29-89C194A59EE4}.Debug|Any CPU.Build.0 = Debug|Any CPU
		{630952E4-72B7-41FD-AE29-89C194A59EE4}.Release|Any CPU.ActiveCfg = Release|Any CPU
		{630952E4-72B7-41FD-AE29-89C194A59EE4}.Release|Any CPU.Build.0 = Release|Any CPU
		{F549C306-5F4E-4E93-927F-DBDD95CB20BB}.Debug|Any CPU.ActiveCfg = Debug|Any CPU
		{F549C306-5F4E-4E93-927F-DBDD95CB20BB}.Debug|Any CPU.Build.0 = Debug|Any CPU
		{F549C306-5F4E-4E93-927F-DBDD95CB20BB}.Release|Any CPU.ActiveCfg = Release|Any CPU
		{F549C306-5F4E-4E93-927F-DBDD95CB20BB}.Release|Any CPU.Build.0 = Release|Any CPU
		{E1A0C125-723B-444F-8631-6FAB2EBB0ECE}.Debug|Any CPU.ActiveCfg = Debug|Any CPU
		{E1A0C125-723B-444F-8631-6FAB2EBB0ECE}.Debug|Any CPU.Build.0 = Debug|Any CPU
		{E1A0C125-723B-444F-8631-6FAB2EBB0ECE}.Release|Any CPU.ActiveCfg = Release|Any CPU
		{E1A0C125-723B-444F-8631-6FAB2EBB0ECE}.Release|Any CPU.Build.0 = Release|Any CPU
		{E059B287-4534-47E0-9EC4-A70D32C4A01B}.Debug|Any CPU.ActiveCfg = Debug|Any CPU
		{E059B287-4534-47E0-9EC4-A70D32C4A01B}.Debug|Any CPU.Build.0 = Debug|Any CPU
		{E059B287-4534-47E0-9EC4-A70D32C4A01B}.Release|Any CPU.ActiveCfg = Release|Any CPU
		{E059B287-4534-47E0-9EC4-A70D32C4A01B}.Release|Any CPU.Build.0 = Release|Any CPU
		{FA406AC6-21B8-48A6-B841-24E5868BC215}.Debug|Any CPU.ActiveCfg = Debug|Any CPU
		{FA406AC6-21B8-48A6-B841-24E5868BC215}.Debug|Any CPU.Build.0 = Debug|Any CPU
		{FA406AC6-21B8-48A6-B841-24E5868BC215}.Release|Any CPU.ActiveCfg = Release|Any CPU
		{FA406AC6-21B8-48A6-B841-24E5868BC215}.Release|Any CPU.Build.0 = Release|Any CPU
		{756E5F1A-5883-4B90-B159-7C871FDF908A}.Debug|Any CPU.ActiveCfg = Debug|Any CPU
		{756E5F1A-5883-4B90-B159-7C871FDF908A}.Debug|Any CPU.Build.0 = Debug|Any CPU
		{756E5F1A-5883-4B90-B159-7C871FDF908A}.Release|Any CPU.ActiveCfg = Release|Any CPU
		{756E5F1A-5883-4B90-B159-7C871FDF908A}.Release|Any CPU.Build.0 = Release|Any CPU
		{CA41CB5B-2F2A-4E6B-9721-6355787C63E2}.Debug|Any CPU.ActiveCfg = Debug|Any CPU
		{CA41CB5B-2F2A-4E6B-9721-6355787C63E2}.Debug|Any CPU.Build.0 = Debug|Any CPU
		{CA41CB5B-2F2A-4E6B-9721-6355787C63E2}.Release|Any CPU.ActiveCfg = Release|Any CPU
		{CA41CB5B-2F2A-4E6B-9721-6355787C63E2}.Release|Any CPU.Build.0 = Release|Any CPU
		{8CA285C2-DB20-42B7-8AAA-F8ECD248E1F7}.Debug|Any CPU.ActiveCfg = Debug|Any CPU
		{8CA285C2-DB20-42B7-8AAA-F8ECD248E1F7}.Debug|Any CPU.Build.0 = Debug|Any CPU
		{8CA285C2-DB20-42B7-8AAA-F8ECD248E1F7}.Release|Any CPU.ActiveCfg = Release|Any CPU
		{8CA285C2-DB20-42B7-8AAA-F8ECD248E1F7}.Release|Any CPU.Build.0 = Release|Any CPU
		{EEC4B476-1E6D-4D0C-A865-34A0AFC843E4}.Debug|Any CPU.ActiveCfg = Debug|Any CPU
		{EEC4B476-1E6D-4D0C-A865-34A0AFC843E4}.Debug|Any CPU.Build.0 = Debug|Any CPU
		{EEC4B476-1E6D-4D0C-A865-34A0AFC843E4}.Release|Any CPU.ActiveCfg = Release|Any CPU
		{EEC4B476-1E6D-4D0C-A865-34A0AFC843E4}.Release|Any CPU.Build.0 = Release|Any CPU
		{8728B8CD-BA90-4CC4-A7ED-62A682ACA033}.Debug|Any CPU.ActiveCfg = Debug|Any CPU
		{8728B8CD-BA90-4CC4-A7ED-62A682ACA033}.Debug|Any CPU.Build.0 = Debug|Any CPU
		{8728B8CD-BA90-4CC4-A7ED-62A682ACA033}.Release|Any CPU.ActiveCfg = Release|Any CPU
		{8728B8CD-BA90-4CC4-A7ED-62A682ACA033}.Release|Any CPU.Build.0 = Release|Any CPU
		{373858A5-E074-4AF5-8266-31C85D25BD79}.Debug|Any CPU.ActiveCfg = Debug|Any CPU
		{373858A5-E074-4AF5-8266-31C85D25BD79}.Debug|Any CPU.Build.0 = Debug|Any CPU
		{373858A5-E074-4AF5-8266-31C85D25BD79}.Release|Any CPU.ActiveCfg = Release|Any CPU
		{373858A5-E074-4AF5-8266-31C85D25BD79}.Release|Any CPU.Build.0 = Release|Any CPU
		{C9891508-EB14-4167-A22E-60FB1B168E8E}.Debug|Any CPU.ActiveCfg = Debug|Any CPU
		{C9891508-EB14-4167-A22E-60FB1B168E8E}.Debug|Any CPU.Build.0 = Debug|Any CPU
		{C9891508-EB14-4167-A22E-60FB1B168E8E}.Release|Any CPU.ActiveCfg = Release|Any CPU
		{C9891508-EB14-4167-A22E-60FB1B168E8E}.Release|Any CPU.Build.0 = Release|Any CPU
		{663B1830-1D7A-4E37-A464-426BFFFD9A8D}.Debug|Any CPU.ActiveCfg = Debug|Any CPU
		{663B1830-1D7A-4E37-A464-426BFFFD9A8D}.Debug|Any CPU.Build.0 = Debug|Any CPU
		{663B1830-1D7A-4E37-A464-426BFFFD9A8D}.Release|Any CPU.ActiveCfg = Release|Any CPU
		{663B1830-1D7A-4E37-A464-426BFFFD9A8D}.Release|Any CPU.Build.0 = Release|Any CPU
		{EC2C3351-4922-417E-BAAC-8A0A6013D0A2}.Debug|Any CPU.ActiveCfg = Debug|Any CPU
		{EC2C3351-4922-417E-BAAC-8A0A6013D0A2}.Debug|Any CPU.Build.0 = Debug|Any CPU
		{EC2C3351-4922-417E-BAAC-8A0A6013D0A2}.Release|Any CPU.ActiveCfg = Release|Any CPU
		{EC2C3351-4922-417E-BAAC-8A0A6013D0A2}.Release|Any CPU.Build.0 = Release|Any CPU
		{DBA4307F-BA8B-4A1A-BD76-F3CADB2B2668}.Debug|Any CPU.ActiveCfg = Debug|Any CPU
		{DBA4307F-BA8B-4A1A-BD76-F3CADB2B2668}.Debug|Any CPU.Build.0 = Debug|Any CPU
		{DBA4307F-BA8B-4A1A-BD76-F3CADB2B2668}.Release|Any CPU.ActiveCfg = Release|Any CPU
		{DBA4307F-BA8B-4A1A-BD76-F3CADB2B2668}.Release|Any CPU.Build.0 = Release|Any CPU
	EndGlobalSection
	GlobalSection(SolutionProperties) = preSolution
		HideSolutionNode = FALSE
	EndGlobalSection
	GlobalSection(ExtensibilityGlobals) = postSolution
		SolutionGuid = {53EDD7DB-D7E9-4978-A420-035822C8DE64}
	EndGlobalSection
EndGlobal
